
Microsoft Visual Studio Solution File, Format Version 12.00
# Visual Studio 15
VisualStudioVersion = 15.0.26124.0
MinimumVisualStudioVersion = 15.0.26124.0
Project("{9A19103F-16F7-4668-BE54-9A1E7A4F7556}") = "FileCabinetApp", "FileCabinetApp\FileCabinetApp.csproj", "{5AA11F6F-E423-42D1-8D83-0016DBEC39EB}"
EndProject
Project("{FAE04EC0-301F-11D3-BF4B-00C04F79EFBC}") = "FileCabinetGenerator", "FileCabinetGenerator\FileCabinetGenerator.csproj", "{24220FCC-8E45-4ED8-BB20-49C7D812B36F}"
EndProject
Global
	GlobalSection(SolutionConfigurationPlatforms) = preSolution
		Debug|Any CPU = Debug|Any CPU
		Debug|x64 = Debug|x64
		Debug|x86 = Debug|x86
		Release|Any CPU = Release|Any CPU
		Release|x64 = Release|x64
		Release|x86 = Release|x86
	EndGlobalSection
	GlobalSection(ProjectConfigurationPlatforms) = postSolution
		{5AA11F6F-E423-42D1-8D83-0016DBEC39EB}.Debug|Any CPU.ActiveCfg = Debug|Any CPU
		{5AA11F6F-E423-42D1-8D83-0016DBEC39EB}.Debug|Any CPU.Build.0 = Debug|Any CPU
		{5AA11F6F-E423-42D1-8D83-0016DBEC39EB}.Debug|x64.ActiveCfg = Debug|Any CPU
		{5AA11F6F-E423-42D1-8D83-0016DBEC39EB}.Debug|x64.Build.0 = Debug|Any CPU
		{5AA11F6F-E423-42D1-8D83-0016DBEC39EB}.Debug|x86.ActiveCfg = Debug|Any CPU
		{5AA11F6F-E423-42D1-8D83-0016DBEC39EB}.Debug|x86.Build.0 = Debug|Any CPU
		{5AA11F6F-E423-42D1-8D83-0016DBEC39EB}.Release|Any CPU.ActiveCfg = Release|Any CPU
		{5AA11F6F-E423-42D1-8D83-0016DBEC39EB}.Release|Any CPU.Build.0 = Release|Any CPU
		{5AA11F6F-E423-42D1-8D83-0016DBEC39EB}.Release|x64.ActiveCfg = Release|Any CPU
		{5AA11F6F-E423-42D1-8D83-0016DBEC39EB}.Release|x64.Build.0 = Release|Any CPU
		{5AA11F6F-E423-42D1-8D83-0016DBEC39EB}.Release|x86.ActiveCfg = Release|Any CPU
		{5AA11F6F-E423-42D1-8D83-0016DBEC39EB}.Release|x86.Build.0 = Release|Any CPU
		{24220FCC-8E45-4ED8-BB20-49C7D812B36F}.Debug|Any CPU.ActiveCfg = Debug|Any CPU
		{24220FCC-8E45-4ED8-BB20-49C7D812B36F}.Debug|Any CPU.Build.0 = Debug|Any CPU
		{24220FCC-8E45-4ED8-BB20-49C7D812B36F}.Debug|x64.ActiveCfg = Debug|Any CPU
		{24220FCC-8E45-4ED8-BB20-49C7D812B36F}.Debug|x64.Build.0 = Debug|Any CPU
		{24220FCC-8E45-4ED8-BB20-49C7D812B36F}.Debug|x86.ActiveCfg = Debug|Any CPU
		{24220FCC-8E45-4ED8-BB20-49C7D812B36F}.Debug|x86.Build.0 = Debug|Any CPU
		{24220FCC-8E45-4ED8-BB20-49C7D812B36F}.Release|Any CPU.ActiveCfg = Release|Any CPU
		{24220FCC-8E45-4ED8-BB20-49C7D812B36F}.Release|Any CPU.Build.0 = Release|Any CPU
		{24220FCC-8E45-4ED8-BB20-49C7D812B36F}.Release|x64.ActiveCfg = Release|Any CPU
		{24220FCC-8E45-4ED8-BB20-49C7D812B36F}.Release|x64.Build.0 = Release|Any CPU
		{24220FCC-8E45-4ED8-BB20-49C7D812B36F}.Release|x86.ActiveCfg = Release|Any CPU
		{24220FCC-8E45-4ED8-BB20-49C7D812B36F}.Release|x86.Build.0 = Release|Any CPU
	EndGlobalSection
	GlobalSection(SolutionProperties) = preSolution
		HideSolutionNode = FALSE
	EndGlobalSection
	GlobalSection(ExtensibilityGlobals) = postSolution
		SolutionGuid = {0C2CABED-C035-48D9-BDC6-F7A5D6C3D02E}
	EndGlobalSection
EndGlobal
